// !$*UTF8*$!
{
	archiveVersion = 1;
	classes = {
	};
	objectVersion = 46;
	objects = {

/* Begin PBXBuildFile section */
		1E21D5A21D1A394F008E97E8 /* TYHBaseRequest.m in Sources */ = {isa = PBXBuildFile; fileRef = 1E21D5991D1A394F008E97E8 /* TYHBaseRequest.m */; };
		1E21D5A31D1A394F008E97E8 /* TYHNetworkAgent.m in Sources */ = {isa = PBXBuildFile; fileRef = 1E21D59B1D1A394F008E97E8 /* TYHNetworkAgent.m */; };
		1E21D5A41D1A394F008E97E8 /* TYHNetWorkConfig.m in Sources */ = {isa = PBXBuildFile; fileRef = 1E21D59D1D1A394F008E97E8 /* TYHNetWorkConfig.m */; };
		1E21D5A51D1A394F008E97E8 /* TYHNetworkPrivate.m in Sources */ = {isa = PBXBuildFile; fileRef = 1E21D59F1D1A394F008E97E8 /* TYHNetworkPrivate.m */; };
		1E21D5A61D1A394F008E97E8 /* TYHRequest.m in Sources */ = {isa = PBXBuildFile; fileRef = 1E21D5A11D1A394F008E97E8 /* TYHRequest.m */; };
		1E52D2981D1A387E00258B8A /* main.m in Sources */ = {isa = PBXBuildFile; fileRef = 1E52D2971D1A387E00258B8A /* main.m */; };
		1E52D29B1D1A387E00258B8A /* AppDelegate.m in Sources */ = {isa = PBXBuildFile; fileRef = 1E52D29A1D1A387E00258B8A /* AppDelegate.m */; };
		1E52D29E1D1A387E00258B8A /* ViewController.m in Sources */ = {isa = PBXBuildFile; fileRef = 1E52D29D1D1A387E00258B8A /* ViewController.m */; };
		1E52D2A11D1A387E00258B8A /* Main.storyboard in Resources */ = {isa = PBXBuildFile; fileRef = 1E52D29F1D1A387E00258B8A /* Main.storyboard */; };
		1E52D2A31D1A387E00258B8A /* Assets.xcassets in Resources */ = {isa = PBXBuildFile; fileRef = 1E52D2A21D1A387E00258B8A /* Assets.xcassets */; };
		1E52D2A61D1A387E00258B8A /* LaunchScreen.storyboard in Resources */ = {isa = PBXBuildFile; fileRef = 1E52D2A41D1A387E00258B8A /* LaunchScreen.storyboard */; };
		22BE2187CBDA2EF007C3B1EB /* libPods-TYHNetWorkingDemo.a in Frameworks */ = {isa = PBXBuildFile; fileRef = F988502599A2A7F6D92ADA7E /* libPods-TYHNetWorkingDemo.a */; };
/* End PBXBuildFile section */

/* Begin PBXFileReference section */
		1E21D5981D1A394F008E97E8 /* TYHBaseRequest.h */ = {isa = PBXFileReference; fileEncoding = 4; lastKnownFileType = sourcecode.c.h; path = TYHBaseRequest.h; sourceTree = "<group>"; };
		1E21D5991D1A394F008E97E8 /* TYHBaseRequest.m */ = {isa = PBXFileReference; fileEncoding = 4; lastKnownFileType = sourcecode.c.objc; path = TYHBaseRequest.m; sourceTree = "<group>"; };
		1E21D59A1D1A394F008E97E8 /* TYHNetworkAgent.h */ = {isa = PBXFileReference; fileEncoding = 4; lastKnownFileType = sourcecode.c.h; path = TYHNetworkAgent.h; sourceTree = "<group>"; };
		1E21D59B1D1A394F008E97E8 /* TYHNetworkAgent.m */ = {isa = PBXFileReference; fileEncoding = 4; lastKnownFileType = sourcecode.c.objc; path = TYHNetworkAgent.m; sourceTree = "<group>"; };
		1E21D59C1D1A394F008E97E8 /* TYHNetWorkConfig.h */ = {isa = PBXFileReference; fileEncoding = 4; lastKnownFileType = sourcecode.c.h; path = TYHNetWorkConfig.h; sourceTree = "<group>"; };
		1E21D59D1D1A394F008E97E8 /* TYHNetWorkConfig.m */ = {isa = PBXFileReference; fileEncoding = 4; lastKnownFileType = sourcecode.c.objc; path = TYHNetWorkConfig.m; sourceTree = "<group>"; };
		1E21D59E1D1A394F008E97E8 /* TYHNetworkPrivate.h */ = {isa = PBXFileReference; fileEncoding = 4; lastKnownFileType = sourcecode.c.h; path = TYHNetworkPrivate.h; sourceTree = "<group>"; };
		1E21D59F1D1A394F008E97E8 /* TYHNetworkPrivate.m */ = {isa = PBXFileReference; fileEncoding = 4; lastKnownFileType = sourcecode.c.objc; path = TYHNetworkPrivate.m; sourceTree = "<group>"; };
		1E21D5A01D1A394F008E97E8 /* TYHRequest.h */ = {isa = PBXFileReference; fileEncoding = 4; lastKnownFileType = sourcecode.c.h; path = TYHRequest.h; sourceTree = "<group>"; };
		1E21D5A11D1A394F008E97E8 /* TYHRequest.m */ = {isa = PBXFileReference; fileEncoding = 4; lastKnownFileType = sourcecode.c.objc; path = TYHRequest.m; sourceTree = "<group>"; };
		1E52D2931D1A387E00258B8A /* TYHNetWorkingDemo.app */ = {isa = PBXFileReference; explicitFileType = wrapper.application; includeInIndex = 0; path = TYHNetWorkingDemo.app; sourceTree = BUILT_PRODUCTS_DIR; };
		1E52D2971D1A387E00258B8A /* main.m */ = {isa = PBXFileReference; lastKnownFileType = sourcecode.c.objc; path = main.m; sourceTree = "<group>"; };
		1E52D2991D1A387E00258B8A /* AppDelegate.h */ = {isa = PBXFileReference; lastKnownFileType = sourcecode.c.h; path = AppDelegate.h; sourceTree = "<group>"; };
		1E52D29A1D1A387E00258B8A /* AppDelegate.m */ = {isa = PBXFileReference; lastKnownFileType = sourcecode.c.objc; path = AppDelegate.m; sourceTree = "<group>"; };
		1E52D29C1D1A387E00258B8A /* ViewController.h */ = {isa = PBXFileReference; lastKnownFileType = sourcecode.c.h; path = ViewController.h; sourceTree = "<group>"; };
		1E52D29D1D1A387E00258B8A /* ViewController.m */ = {isa = PBXFileReference; lastKnownFileType = sourcecode.c.objc; path = ViewController.m; sourceTree = "<group>"; };
		1E52D2A01D1A387E00258B8A /* Base */ = {isa = PBXFileReference; lastKnownFileType = file.storyboard; name = Base; path = Base.lproj/Main.storyboard; sourceTree = "<group>"; };
		1E52D2A21D1A387E00258B8A /* Assets.xcassets */ = {isa = PBXFileReference; lastKnownFileType = folder.assetcatalog; path = Assets.xcassets; sourceTree = "<group>"; };
		1E52D2A51D1A387E00258B8A /* Base */ = {isa = PBXFileReference; lastKnownFileType = file.storyboard; name = Base; path = Base.lproj/LaunchScreen.storyboard; sourceTree = "<group>"; };
		1E52D2A71D1A387E00258B8A /* Info.plist */ = {isa = PBXFileReference; lastKnownFileType = text.plist.xml; path = Info.plist; sourceTree = "<group>"; };
		4A33FF6CDEF4B56F5A8CF092 /* Pods-TYHNetWorkingDemo.debug.xcconfig */ = {isa = PBXFileReference; includeInIndex = 1; lastKnownFileType = text.xcconfig; name = "Pods-TYHNetWorkingDemo.debug.xcconfig"; path = "Pods/Target Support Files/Pods-TYHNetWorkingDemo/Pods-TYHNetWorkingDemo.debug.xcconfig"; sourceTree = "<group>"; };
		E987267B84282D46D1BAB081 /* Pods-TYHNetWorkingDemo.release.xcconfig */ = {isa = PBXFileReference; includeInIndex = 1; lastKnownFileType = text.xcconfig; name = "Pods-TYHNetWorkingDemo.release.xcconfig"; path = "Pods/Target Support Files/Pods-TYHNetWorkingDemo/Pods-TYHNetWorkingDemo.release.xcconfig"; sourceTree = "<group>"; };
		F988502599A2A7F6D92ADA7E /* libPods-TYHNetWorkingDemo.a */ = {isa = PBXFileReference; explicitFileType = archive.ar; includeInIndex = 0; path = "libPods-TYHNetWorkingDemo.a"; sourceTree = BUILT_PRODUCTS_DIR; };
/* End PBXFileReference section */

/* Begin PBXFrameworksBuildPhase section */
		1E52D2901D1A387E00258B8A /* Frameworks */ = {
			isa = PBXFrameworksBuildPhase;
			buildActionMask = 2147483647;
			files = (
				22BE2187CBDA2EF007C3B1EB /* libPods-TYHNetWorkingDemo.a in Frameworks */,
			);
			runOnlyForDeploymentPostprocessing = 0;
		};
/* End PBXFrameworksBuildPhase section */

/* Begin PBXGroup section */
		1E21D5971D1A394F008E97E8 /* TYHNetWorking */ = {
			isa = PBXGroup;
			children = (
				1E21D5981D1A394F008E97E8 /* TYHBaseRequest.h */,
				1E21D5991D1A394F008E97E8 /* TYHBaseRequest.m */,
				1E21D59A1D1A394F008E97E8 /* TYHNetworkAgent.h */,
				1E21D59B1D1A394F008E97E8 /* TYHNetworkAgent.m */,
				1E21D59C1D1A394F008E97E8 /* TYHNetWorkConfig.h */,
				1E21D59D1D1A394F008E97E8 /* TYHNetWorkConfig.m */,
				1E21D59E1D1A394F008E97E8 /* TYHNetworkPrivate.h */,
				1E21D59F1D1A394F008E97E8 /* TYHNetworkPrivate.m */,
				1E21D5A01D1A394F008E97E8 /* TYHRequest.h */,
				1E21D5A11D1A394F008E97E8 /* TYHRequest.m */,
			);
			path = TYHNetWorking;
			sourceTree = "<group>";
		};
		1E52D28A1D1A387E00258B8A = {
			isa = PBXGroup;
			children = (
				1E21D5971D1A394F008E97E8 /* TYHNetWorking */,
				1E52D2951D1A387E00258B8A /* TYHNetWorkingDemo */,
				1E52D2941D1A387E00258B8A /* Products */,
				29BC7F9A58C4469FDE50C958 /* Pods */,
				86135C708C28A75BCEE9930B /* Frameworks */,
			);
			sourceTree = "<group>";
		};
		1E52D2941D1A387E00258B8A /* Products */ = {
			isa = PBXGroup;
			children = (
				1E52D2931D1A387E00258B8A /* TYHNetWorkingDemo.app */,
			);
			name = Products;
			sourceTree = "<group>";
		};
		1E52D2951D1A387E00258B8A /* TYHNetWorkingDemo */ = {
			isa = PBXGroup;
			children = (
				1E52D2991D1A387E00258B8A /* AppDelegate.h */,
				1E52D29A1D1A387E00258B8A /* AppDelegate.m */,
				1E52D29C1D1A387E00258B8A /* ViewController.h */,
				1E52D29D1D1A387E00258B8A /* ViewController.m */,
				1E52D29F1D1A387E00258B8A /* Main.storyboard */,
				1E52D2A21D1A387E00258B8A /* Assets.xcassets */,
				1E52D2A41D1A387E00258B8A /* LaunchScreen.storyboard */,
				1E52D2A71D1A387E00258B8A /* Info.plist */,
				1E52D2961D1A387E00258B8A /* Supporting Files */,
			);
			path = TYHNetWorkingDemo;
			sourceTree = "<group>";
		};
		1E52D2961D1A387E00258B8A /* Supporting Files */ = {
			isa = PBXGroup;
			children = (
				1E52D2971D1A387E00258B8A /* main.m */,
			);
			name = "Supporting Files";
			sourceTree = "<group>";
		};
		29BC7F9A58C4469FDE50C958 /* Pods */ = {
			isa = PBXGroup;
			children = (
				4A33FF6CDEF4B56F5A8CF092 /* Pods-TYHNetWorkingDemo.debug.xcconfig */,
				E987267B84282D46D1BAB081 /* Pods-TYHNetWorkingDemo.release.xcconfig */,
			);
			name = Pods;
			sourceTree = "<group>";
		};
		86135C708C28A75BCEE9930B /* Frameworks */ = {
			isa = PBXGroup;
			children = (
				F988502599A2A7F6D92ADA7E /* libPods-TYHNetWorkingDemo.a */,
			);
			name = Frameworks;
			sourceTree = "<group>";
		};
/* End PBXGroup section */

/* Begin PBXNativeTarget section */
		1E52D2921D1A387E00258B8A /* TYHNetWorkingDemo */ = {
			isa = PBXNativeTarget;
			buildConfigurationList = 1E52D2AA1D1A387E00258B8A /* Build configuration list for PBXNativeTarget "TYHNetWorkingDemo" */;
			buildPhases = (
				96E7CE6FFD86451F65CD95B3 /* [CP] Check Pods Manifest.lock */,
				1E52D28F1D1A387E00258B8A /* Sources */,
				1E52D2901D1A387E00258B8A /* Frameworks */,
				1E52D2911D1A387E00258B8A /* Resources */,
				AEEEC94895BBDCC6D9D1EF32 /* [CP] Embed Pods Frameworks */,
				6CD5E20475CE6191B0B9C65A /* [CP] Copy Pods Resources */,
			);
			buildRules = (
			);
			dependencies = (
			);
			name = TYHNetWorkingDemo;
			productName = TYHNetWorkingDemo;
			productReference = 1E52D2931D1A387E00258B8A /* TYHNetWorkingDemo.app */;
			productType = "com.apple.product-type.application";
		};
/* End PBXNativeTarget section */

/* Begin PBXProject section */
		1E52D28B1D1A387E00258B8A /* Project object */ = {
			isa = PBXProject;
			attributes = {
				LastUpgradeCheck = 0730;
				ORGANIZATIONNAME = tanyuehong;
				TargetAttributes = {
					1E52D2921D1A387E00258B8A = {
						CreatedOnToolsVersion = 7.3.1;
					};
				};
			};
			buildConfigurationList = 1E52D28E1D1A387E00258B8A /* Build configuration list for PBXProject "TYHNetWorkingDemo" */;
			compatibilityVersion = "Xcode 3.2";
			developmentRegion = English;
			hasScannedForEncodings = 0;
			knownRegions = (
				en,
				Base,
			);
			mainGroup = 1E52D28A1D1A387E00258B8A;
			productRefGroup = 1E52D2941D1A387E00258B8A /* Products */;
			projectDirPath = "";
			projectRoot = "";
			targets = (
				1E52D2921D1A387E00258B8A /* TYHNetWorkingDemo */,
			);
		};
/* End PBXProject section */

/* Begin PBXResourcesBuildPhase section */
		1E52D2911D1A387E00258B8A /* Resources */ = {
			isa = PBXResourcesBuildPhase;
			buildActionMask = 2147483647;
			files = (
				1E52D2A61D1A387E00258B8A /* LaunchScreen.storyboard in Resources */,
				1E52D2A31D1A387E00258B8A /* Assets.xcassets in Resources */,
				1E52D2A11D1A387E00258B8A /* Main.storyboard in Resources */,
			);
			runOnlyForDeploymentPostprocessing = 0;
		};
/* End PBXResourcesBuildPhase section */

/* Begin PBXShellScriptBuildPhase section */
		6CD5E20475CE6191B0B9C65A /* [CP] Copy Pods Resources */ = {
			isa = PBXShellScriptBuildPhase;
			buildActionMask = 2147483647;
			files = (
			);
			inputPaths = (
			);
			name = "[CP] Copy Pods Resources";
			outputPaths = (
			);
			runOnlyForDeploymentPostprocessing = 0;
			shellPath = /bin/sh;
			shellScript = "\"${SRCROOT}/Pods/Target Support Files/Pods-TYHNetWorkingDemo/Pods-TYHNetWorkingDemo-resources.sh\"\n";
			showEnvVarsInLog = 0;
		};
		96E7CE6FFD86451F65CD95B3 /* [CP] Check Pods Manifest.lock */ = {
			isa = PBXShellScriptBuildPhase;
			buildActionMask = 2147483647;
			files = (
			);
			inputPaths = (
			);
			name = "[CP] Check Pods Manifest.lock";
			outputPaths = (
			);
			runOnlyForDeploymentPostprocessing = 0;
			shellPath = /bin/sh;
			shellScript = "diff \"${PODS_ROOT}/../Podfile.lock\" \"${PODS_ROOT}/Manifest.lock\" > /dev/null\nif [[ $? != 0 ]] ; then\n    cat << EOM\nerror: The sandbox is not in sync with the Podfile.lock. Run 'pod install' or update your CocoaPods installation.\nEOM\n    exit 1\nfi\n";
			showEnvVarsInLog = 0;
		};
		AEEEC94895BBDCC6D9D1EF32 /* [CP] Embed Pods Frameworks */ = {
			isa = PBXShellScriptBuildPhase;
			buildActionMask = 2147483647;
			files = (
			);
			inputPaths = (
			);
			name = "[CP] Embed Pods Frameworks";
			outputPaths = (
			);
			runOnlyForDeploymentPostprocessing = 0;
			shellPath = /bin/sh;
			shellScript = "\"${SRCROOT}/Pods/Target Support Files/Pods-TYHNetWorkingDemo/Pods-TYHNetWorkingDemo-frameworks.sh\"\n";
			showEnvVarsInLog = 0;
		};
/* End PBXShellScriptBuildPhase section */

/* Begin PBXSourcesBuildPhase section */
		1E52D28F1D1A387E00258B8A /* Sources */ = {
			isa = PBXSourcesBuildPhase;
			buildActionMask = 2147483647;
			files = (
				1E21D5A41D1A394F008E97E8 /* TYHNetWorkConfig.m in Sources */,
				1E21D5A21D1A394F008E97E8 /* TYHBaseRequest.m in Sources */,
				1E52D29E1D1A387E00258B8A /* ViewController.m in Sources */,
				1E52D29B1D1A387E00258B8A /* AppDelegate.m in Sources */,
				1E52D2981D1A387E00258B8A /* main.m in Sources */,
				1E21D5A61D1A394F008E97E8 /* TYHRequest.m in Sources */,
				1E21D5A51D1A394F008E97E8 /* TYHNetworkPrivate.m in Sources */,
				1E21D5A31D1A394F008E97E8 /* TYHNetworkAgent.m in Sources */,
			);
			runOnlyForDeploymentPostprocessing = 0;
		};
/* End PBXSourcesBuildPhase section */

/* Begin PBXVariantGroup section */
		1E52D29F1D1A387E00258B8A /* Main.storyboard */ = {
			isa = PBXVariantGroup;
			children = (
				1E52D2A01D1A387E00258B8A /* Base */,
			);
			name = Main.storyboard;
			sourceTree = "<group>";
		};
		1E52D2A41D1A387E00258B8A /* LaunchScreen.storyboard */ = {
			isa = PBXVariantGroup;
			children = (
				1E52D2A51D1A387E00258B8A /* Base */,
			);
			name = LaunchScreen.storyboard;
			sourceTree = "<group>";
		};
/* End PBXVariantGroup section */

/* Begin XCBuildConfiguration section */
		1E52D2A81D1A387E00258B8A /* Debug */ = {
			isa = XCBuildConfiguration;
			buildSettings = {
				ALWAYS_SEARCH_USER_PATHS = NO;
				CLANG_ANALYZER_NONNULL = YES;
				CLANG_CXX_LANGUAGE_STANDARD = "gnu++0x";
				CLANG_CXX_LIBRARY = "libc++";
				CLANG_ENABLE_MODULES = YES;
				CLANG_ENABLE_OBJC_ARC = YES;
				CLANG_WARN_BOOL_CONVERSION = YES;
				CLANG_WARN_CONSTANT_CONVERSION = YES;
				CLANG_WARN_DIRECT_OBJC_ISA_USAGE = YES_ERROR;
				CLANG_WARN_EMPTY_BODY = YES;
				CLANG_WARN_ENUM_CONVERSION = YES;
				CLANG_WARN_INT_CONVERSION = YES;
				CLANG_WARN_OBJC_ROOT_CLASS = YES_ERROR;
				CLANG_WARN_UNREACHABLE_CODE = YES;
				CLANG_WARN__DUPLICATE_METHOD_MATCH = YES;
				"CODE_SIGN_IDENTITY[sdk=iphoneos*]" = "iPhone Developer";
				COPY_PHASE_STRIP = NO;
				DEBUG_INFORMATION_FORMAT = dwarf;
				ENABLE_STRICT_OBJC_MSGSEND = YES;
				ENABLE_TESTABILITY = YES;
				GCC_C_LANGUAGE_STANDARD = gnu99;
				GCC_DYNAMIC_NO_PIC = NO;
				GCC_NO_COMMON_BLOCKS = YES;
				GCC_OPTIMIZATION_LEVEL = 0;
				GCC_PREPROCESSOR_DEFINITIONS = (
					"DEBUG=1",
					"$(inherited)",
				);
				GCC_WARN_64_TO_32_BIT_CONVERSION = YES;
				GCC_WARN_ABOUT_RETURN_TYPE = YES_ERROR;
				GCC_WARN_UNDECLARED_SELECTOR = YES;
				GCC_WARN_UNINITIALIZED_AUTOS = YES_AGGRESSIVE;
				GCC_WARN_UNUSED_FUNCTION = YES;
				GCC_WARN_UNUSED_VARIABLE = YES;
				IPHONEOS_DEPLOYMENT_TARGET = 9.3;
				MTL_ENABLE_DEBUG_INFO = YES;
				ONLY_ACTIVE_ARCH = YES;
				SDKROOT = iphoneos;
			};
			name = Debug;
		};
		1E52D2A91D1A387E00258B8A /* Release */ = {
			isa = XCBuildConfiguration;
			buildSettings = {
				ALWAYS_SEARCH_USER_PATHS = NO;
				CLANG_ANALYZER_NONNULL = YES;
				CLANG_CXX_LANGUAGE_STANDARD = "gnu++0x";
				CLANG_CXX_LIBRARY = "libc++";
				CLANG_ENABLE_MODULES = YES;
				CLANG_ENABLE_OBJC_ARC = YES;
				CLANG_WARN_BOOL_CONVERSION = YES;
				CLANG_WARN_CONSTANT_CONVERSION = YES;
				CLANG_WARN_DIRECT_OBJC_ISA_USAGE = YES_ERROR;
				CLANG_WARN_EMPTY_BODY = YES;
				CLANG_WARN_ENUM_CONVERSION = YES;
				CLANG_WARN_INT_CONVERSION = YES;
				CLANG_WARN_OBJC_ROOT_CLASS = YES_ERROR;
				CLANG_WARN_UNREACHABLE_CODE = YES;
				CLANG_WARN__DUPLICATE_METHOD_MATCH = YES;
				"CODE_SIGN_IDENTITY[sdk=iphoneos*]" = "iPhone Developer";
				COPY_PHASE_STRIP = NO;
				DEBUG_INFORMATION_FORMAT = "dwarf-with-dsym";
				ENABLE_NS_ASSERTIONS = NO;
				ENABLE_STRICT_OBJC_MSGSEND = YES;
				GCC_C_LANGUAGE_STANDARD = gnu99;
				GCC_NO_COMMON_BLOCKS = YES;
				GCC_WARN_64_TO_32_BIT_CONVERSION = YES;
				GCC_WARN_ABOUT_RETURN_TYPE = YES_ERROR;
				GCC_WARN_UNDECLARED_SELECTOR = YES;
				GCC_WARN_UNINITIALIZED_AUTOS = YES_AGGRESSIVE;
				GCC_WARN_UNUSED_FUNCTION = YES;
				GCC_WARN_UNUSED_VARIABLE = YES;
				IPHONEOS_DEPLOYMENT_TARGET = 9.3;
				MTL_ENABLE_DEBUG_INFO = NO;
				SDKROOT = iphoneos;
				VALIDATE_PRODUCT = YES;
			};
			name = Release;
		};
		1E52D2AB1D1A387E00258B8A /* Debug */ = {
			isa = XCBuildConfiguration;
			baseConfigurationReference = 4A33FF6CDEF4B56F5A8CF092 /* Pods-TYHNetWorkingDemo.debug.xcconfig */;
			buildSettings = {
				ASSETCATALOG_COMPILER_APPICON_NAME = AppIcon;
				ASSETCATALOG_COMPILER_LAUNCHIMAGE_NAME = LaunchImage;
				INFOPLIST_FILE = TYHNetWorkingDemo/Info.plist;
				IPHONEOS_DEPLOYMENT_TARGET = 7.0;
				LD_RUNPATH_SEARCH_PATHS = "$(inherited) @executable_path/Frameworks";
				PRODUCT_BUNDLE_IDENTIFIER = com.redskt.www.TYHNetWorkingDemo;
				PRODUCT_NAME = "$(TARGET_NAME)";
			};
			name = Debug;
		};
		1E52D2AC1D1A387E00258B8A /* Release */ = {
			isa = XCBuildConfiguration;
			baseConfigurationReference = E987267B84282D46D1BAB081 /* Pods-TYHNetWorkingDemo.release.xcconfig */;
			buildSettings = {
				ASSETCATALOG_COMPILER_APPICON_NAME = AppIcon;
				ASSETCATALOG_COMPILER_LAUNCHIMAGE_NAME = LaunchImage;
				INFOPLIST_FILE = TYHNetWorkingDemo/Info.plist;
				IPHONEOS_DEPLOYMENT_TARGET = 7.0;
				LD_RUNPATH_SEARCH_PATHS = "$(inherited) @executable_path/Frameworks";
				PRODUCT_BUNDLE_IDENTIFIER = com.redskt.www.TYHNetWorkingDemo;
				PRODUCT_NAME = "$(TARGET_NAME)";
			};
			name = Release;
		};
/* End XCBuildConfiguration section */

/* Begin XCConfigurationList section */
		1E52D28E1D1A387E00258B8A /* Build configuration list for PBXProject "TYHNetWorkingDemo" */ = {
			isa = XCConfigurationList;
			buildConfigurations = (
				1E52D2A81D1A387E00258B8A /* Debug */,
				1E52D2A91D1A387E00258B8A /* Release */,
			);
			defaultConfigurationIsVisible = 0;
			defaultConfigurationName = Release;
		};
		1E52D2AA1D1A387E00258B8A /* Build configuration list for PBXNativeTarget "TYHNetWorkingDemo" */ = {
			isa = XCConfigurationList;
			buildConfigurations = (
				1E52D2AB1D1A387E00258B8A /* Debug */,
				1E52D2AC1D1A387E00258B8A /* Release */,
			);
			defaultConfigurationIsVisible = 0;
			defaultConfigurationName = Release;
		};
/* End XCConfigurationList section */
	};
	rootObject = 1E52D28B1D1A387E00258B8A /* Project object */;
}
